
Microsoft Visual Studio Solution File, Format Version 11.00
# Visual Studio 2010
Project("{FAE04EC0-301F-11D3-BF4B-00C04F79EFBC}") = "PharMS_Steuerung", "PharMS_Steuerung\PharMS_Steuerung.csproj", "{178A6556-6EDC-455A-A322-B1F3A6333A89}"
EndProject
Global
	GlobalSection(SolutionConfigurationPlatforms) = preSolution
		Debug|x86 = Debug|x86
		Release|x86 = Release|x86
	EndGlobalSection
	GlobalSection(ProjectConfigurationPlatforms) = postSolution
		{178A6556-6EDC-455A-A322-B1F3A6333A89}.Debug|x86.ActiveCfg = Debug|x86
		{178A6556-6EDC-455A-A322-B1F3A6333A89}.Debug|x86.Build.0 = Debug|x86
		{178A6556-6EDC-455A-A322-B1F3A6333A89}.Release|x86.ActiveCfg = Release|x86
		{178A6556-6EDC-455A-A322-B1F3A6333A89}.Release|x86.Build.0 = Release|x86
	EndGlobalSection
	GlobalSection(SolutionProperties) = preSolution
		HideSolutionNode = FALSE
	EndGlobalSection
EndGlobal
